// !$*UTF8*$!
{
	archiveVersion = 1;
	classes = {
	};
	objectVersion = 50;
	objects = {

/* Begin PBXBuildFile section */
		80AEB3BD23B94652001C9CD9 /* AppDelegate.swift in Sources */ = {isa = PBXBuildFile; fileRef = 80AEB3BC23B94652001C9CD9 /* AppDelegate.swift */; };
		80AEB3BF23B94652001C9CD9 /* SceneDelegate.swift in Sources */ = {isa = PBXBuildFile; fileRef = 80AEB3BE23B94652001C9CD9 /* SceneDelegate.swift */; };
		80AEB3C123B94652001C9CD9 /* ViewController.swift in Sources */ = {isa = PBXBuildFile; fileRef = 80AEB3C023B94652001C9CD9 /* ViewController.swift */; };
		80AEB3C423B94652001C9CD9 /* Main.storyboard in Resources */ = {isa = PBXBuildFile; fileRef = 80AEB3C223B94652001C9CD9 /* Main.storyboard */; };
		80AEB3C623B9465C001C9CD9 /* Assets.xcassets in Resources */ = {isa = PBXBuildFile; fileRef = 80AEB3C523B9465C001C9CD9 /* Assets.xcassets */; };
		80AEB3C923B9465C001C9CD9 /* LaunchScreen.storyboard in Resources */ = {isa = PBXBuildFile; fileRef = 80AEB3C723B9465C001C9CD9 /* LaunchScreen.storyboard */; };
/* End PBXBuildFile section */

/* Begin PBXFileReference section */
		80AEB3B923B94652001C9CD9 /* Todoey-iOS12.app */ = {isa = PBXFileReference; explicitFileType = wrapper.application; includeInIndex = 0; path = "Todoey-iOS12.app"; sourceTree = BUILT_PRODUCTS_DIR; };
		80AEB3BC23B94652001C9CD9 /* AppDelegate.swift */ = {isa = PBXFileReference; lastKnownFileType = sourcecode.swift; path = AppDelegate.swift; sourceTree = "<group>"; };
		80AEB3BE23B94652001C9CD9 /* SceneDelegate.swift */ = {isa = PBXFileReference; lastKnownFileType = sourcecode.swift; path = SceneDelegate.swift; sourceTree = "<group>"; };
		80AEB3C023B94652001C9CD9 /* ViewController.swift */ = {isa = PBXFileReference; lastKnownFileType = sourcecode.swift; path = ViewController.swift; sourceTree = "<group>"; };
		80AEB3C323B94652001C9CD9 /* Base */ = {isa = PBXFileReference; lastKnownFileType = file.storyboard; name = Base; path = Base.lproj/Main.storyboard; sourceTree = "<group>"; };
		80AEB3C523B9465C001C9CD9 /* Assets.xcassets */ = {isa = PBXFileReference; lastKnownFileType = folder.assetcatalog; path = Assets.xcassets; sourceTree = "<group>"; };
		80AEB3C823B9465C001C9CD9 /* Base */ = {isa = PBXFileReference; lastKnownFileType = file.storyboard; name = Base; path = Base.lproj/LaunchScreen.storyboard; sourceTree = "<group>"; };
		80AEB3CA23B9465C001C9CD9 /* Info.plist */ = {isa = PBXFileReference; lastKnownFileType = text.plist.xml; path = Info.plist; sourceTree = "<group>"; };
/* End PBXFileReference section */

/* Begin PBXFrameworksBuildPhase section */
		80AEB3B623B94652001C9CD9 /* Frameworks */ = {
			isa = PBXFrameworksBuildPhase;
			buildActionMask = 2147483647;
			files = (
			);
			runOnlyForDeploymentPostprocessing = 0;
		};
/* End PBXFrameworksBuildPhase section */

/* Begin PBXGroup section */
		80AEB3B023B94651001C9CD9 = {
			isa = PBXGroup;
			children = (
				80AEB3BB23B94652001C9CD9 /* Todoey-iOS12 */,
				80AEB3BA23B94652001C9CD9 /* Products */,
			);
			sourceTree = "<group>";
		};
		80AEB3BA23B94652001C9CD9 /* Products */ = {
			isa = PBXGroup;
			children = (
				80AEB3B923B94652001C9CD9 /* Todoey-iOS12.app */,
			);
			name = Products;
			sourceTree = "<group>";
		};
		80AEB3BB23B94652001C9CD9 /* Todoey-iOS12 */ = {
			isa = PBXGroup;
			children = (
				80AEB3BC23B94652001C9CD9 /* AppDelegate.swift */,
				80AEB3BE23B94652001C9CD9 /* SceneDelegate.swift */,
				80AEB3C023B94652001C9CD9 /* ViewController.swift */,
				80AEB3C223B94652001C9CD9 /* Main.storyboard */,
				80AEB3C523B9465C001C9CD9 /* Assets.xcassets */,
				80AEB3C723B9465C001C9CD9 /* LaunchScreen.storyboard */,
				80AEB3CA23B9465C001C9CD9 /* Info.plist */,
			);
			path = "Todoey-iOS12";
			sourceTree = "<group>";
		};
/* End PBXGroup section */

/* Begin PBXNativeTarget section */
		80AEB3B823B94652001C9CD9 /* Todoey-iOS12 */ = {
			isa = PBXNativeTarget;
			buildConfigurationList = 80AEB3CD23B9465C001C9CD9 /* Build configuration list for PBXNativeTarget "Todoey-iOS12" */;
			buildPhases = (
				80AEB3B523B94652001C9CD9 /* Sources */,
				80AEB3B623B94652001C9CD9 /* Frameworks */,
				80AEB3B723B94652001C9CD9 /* Resources */,
			);
			buildRules = (
			);
			dependencies = (
			);
			name = "Todoey-iOS12";
			productName = "Todoey-iOS12";
			productReference = 80AEB3B923B94652001C9CD9 /* Todoey-iOS12.app */;
			productType = "com.apple.product-type.application";
		};
/* End PBXNativeTarget section */

/* Begin PBXProject section */
		80AEB3B123B94652001C9CD9 /* Project object */ = {
			isa = PBXProject;
			attributes = {
				LastSwiftUpdateCheck = 1120;
				LastUpgradeCheck = 1120;
				ORGANIZATIONNAME = "Byungsuk Choi";
				TargetAttributes = {
					80AEB3B823B94652001C9CD9 = {
						CreatedOnToolsVersion = 11.2;
					};
				};
			};
			buildConfigurationList = 80AEB3B423B94652001C9CD9 /* Build configuration list for PBXProject "Todoey-iOS12" */;
			compatibilityVersion = "Xcode 9.3";
			developmentRegion = en;
			hasScannedForEncodings = 0;
			knownRegions = (
				en,
				Base,
			);
			mainGroup = 80AEB3B023B94651001C9CD9;
			productRefGroup = 80AEB3BA23B94652001C9CD9 /* Products */;
			projectDirPath = "";
			projectRoot = "";
			targets = (
				80AEB3B823B94652001C9CD9 /* Todoey-iOS12 */,
			);
		};
/* End PBXProject section */

/* Begin PBXResourcesBuildPhase section */
		80AEB3B723B94652001C9CD9 /* Resources */ = {
			isa = PBXResourcesBuildPhase;
			buildActionMask = 2147483647;
			files = (
				80AEB3C923B9465C001C9CD9 /* LaunchScreen.storyboard in Resources */,
				80AEB3C623B9465C001C9CD9 /* Assets.xcassets in Resources */,
				80AEB3C423B94652001C9CD9 /* Main.storyboard in Resources */,
			);
			runOnlyForDeploymentPostprocessing = 0;
		};
/* End PBXResourcesBuildPhase section */

/* Begin PBXSourcesBuildPhase section */
		80AEB3B523B94652001C9CD9 /* Sources */ = {
			isa = PBXSourcesBuildPhase;
			buildActionMask = 2147483647;
			files = (
				80AEB3C123B94652001C9CD9 /* ViewController.swift in Sources */,
				80AEB3BD23B94652001C9CD9 /* AppDelegate.swift in Sources */,
				80AEB3BF23B94652001C9CD9 /* SceneDelegate.swift in Sources */,
			);
			runOnlyForDeploymentPostprocessing = 0;
		};
/* End PBXSourcesBuildPhase section */

/* Begin PBXVariantGroup section */
		80AEB3C223B94652001C9CD9 /* Main.storyboard */ = {
			isa = PBXVariantGroup;
			children = (
				80AEB3C323B94652001C9CD9 /* Base */,
			);
			name = Main.storyboard;
			sourceTree = "<group>";
		};
		80AEB3C723B9465C001C9CD9 /* LaunchScreen.storyboard */ = {
			isa = PBXVariantGroup;
			children = (
				80AEB3C823B9465C001C9CD9 /* Base */,
			);
			name = LaunchScreen.storyboard;
			sourceTree = "<group>";
		};
/* End PBXVariantGroup section */

/* Begin XCBuildConfiguration section */
		80AEB3CB23B9465C001C9CD9 /* Debug */ = {
			isa = XCBuildConfiguration;
			buildSettings = {
				ALWAYS_SEARCH_USER_PATHS = NO;
				CLANG_ANALYZER_NONNULL = YES;
				CLANG_ANALYZER_NUMBER_OBJECT_CONVERSION = YES_AGGRESSIVE;
				CLANG_CXX_LANGUAGE_STANDARD = "gnu++14";
				CLANG_CXX_LIBRARY = "libc++";
				CLANG_ENABLE_MODULES = YES;
				CLANG_ENABLE_OBJC_ARC = YES;
				CLANG_ENABLE_OBJC_WEAK = YES;
				CLANG_WARN_BLOCK_CAPTURE_AUTORELEASING = YES;
				CLANG_WARN_BOOL_CONVERSION = YES;
				CLANG_WARN_COMMA = YES;
				CLANG_WARN_CONSTANT_CONVERSION = YES;
				CLANG_WARN_DEPRECATED_OBJC_IMPLEMENTATIONS = YES;
				CLANG_WARN_DIRECT_OBJC_ISA_USAGE = YES_ERROR;
				CLANG_WARN_DOCUMENTATION_COMMENTS = YES;
				CLANG_WARN_EMPTY_BODY = YES;
				CLANG_WARN_ENUM_CONVERSION = YES;
				CLANG_WARN_INFINITE_RECURSION = YES;
				CLANG_WARN_INT_CONVERSION = YES;
				CLANG_WARN_NON_LITERAL_NULL_CONVERSION = YES;
				CLANG_WARN_OBJC_IMPLICIT_RETAIN_SELF = YES;
				CLANG_WARN_OBJC_LITERAL_CONVERSION = YES;
				CLANG_WARN_OBJC_ROOT_CLASS = YES_ERROR;
				CLANG_WARN_RANGE_LOOP_ANALYSIS = YES;
				CLANG_WARN_STRICT_PROTOTYPES = YES;
				CLANG_WARN_SUSPICIOUS_MOVE = YES;
				CLANG_WARN_UNGUARDED_AVAILABILITY = YES_AGGRESSIVE;
				CLANG_WARN_UNREACHABLE_CODE = YES;
				CLANG_WARN__DUPLICATE_METHOD_MATCH = YES;
				COPY_PHASE_STRIP = NO;
				DEBUG_INFORMATION_FORMAT = dwarf;
				ENABLE_STRICT_OBJC_MSGSEND = YES;
				ENABLE_TESTABILITY = YES;
				GCC_C_LANGUAGE_STANDARD = gnu11;
				GCC_DYNAMIC_NO_PIC = NO;
				GCC_NO_COMMON_BLOCKS = YES;
				GCC_OPTIMIZATION_LEVEL = 0;
				GCC_PREPROCESSOR_DEFINITIONS = (
					"DEBUG=1",
					"$(inherited)",
				);
				GCC_WARN_64_TO_32_BIT_CONVERSION = YES;
				GCC_WARN_ABOUT_RETURN_TYPE = YES_ERROR;
				GCC_WARN_UNDECLARED_SELECTOR = YES;
				GCC_WARN_UNINITIALIZED_AUTOS = YES_AGGRESSIVE;
				GCC_WARN_UNUSED_FUNCTION = YES;
				GCC_WARN_UNUSED_VARIABLE = YES;
				IPHONEOS_DEPLOYMENT_TARGET = 13.2;
				MTL_ENABLE_DEBUG_INFO = INCLUDE_SOURCE;
				MTL_FAST_MATH = YES;
				ONLY_ACTIVE_ARCH = YES;
				SDKROOT = iphoneos;
				SWIFT_ACTIVE_COMPILATION_CONDITIONS = DEBUG;
				SWIFT_OPTIMIZATION_LEVEL = "-Onone";
			};
			name = Debug;
		};
		80AEB3CC23B9465C001C9CD9 /* Release */ = {
			isa = XCBuildConfiguration;
			buildSettings = {
				ALWAYS_SEARCH_USER_PATHS = NO;
				CLANG_ANALYZER_NONNULL = YES;
				CLANG_ANALYZER_NUMBER_OBJECT_CONVERSION = YES_AGGRESSIVE;
				CLANG_CXX_LANGUAGE_STANDARD = "gnu++14";
				CLANG_CXX_LIBRARY = "libc++";
				CLANG_ENABLE_MODULES = YES;
				CLANG_ENABLE_OBJC_ARC = YES;
				CLANG_ENABLE_OBJC_WEAK = YES;
				CLANG_WARN_BLOCK_CAPTURE_AUTORELEASING = YES;
				CLANG_WARN_BOOL_CONVERSION = YES;
				CLANG_WARN_COMMA = YES;
				CLANG_WARN_CONSTANT_CONVERSION = YES;
				CLANG_WARN_DEPRECATED_OBJC_IMPLEMENTATIONS = YES;
				CLANG_WARN_DIRECT_OBJC_ISA_USAGE = YES_ERROR;
				CLANG_WARN_DOCUMENTATION_COMMENTS = YES;
				CLANG_WARN_EMPTY_BODY = YES;
				CLANG_WARN_ENUM_CONVERSION = YES;
				CLANG_WARN_INFINITE_RECURSION = YES;
				CLANG_WARN_INT_CONVERSION = YES;
				CLANG_WARN_NON_LITERAL_NULL_CONVERSION = YES;
				CLANG_WARN_OBJC_IMPLICIT_RETAIN_SELF = YES;
				CLANG_WARN_OBJC_LITERAL_CONVERSION = YES;
				CLANG_WARN_OBJC_ROOT_CLASS = YES_ERROR;
				CLANG_WARN_RANGE_LOOP_ANALYSIS = YES;
				CLANG_WARN_STRICT_PROTOTYPES = YES;
				CLANG_WARN_SUSPICIOUS_MOVE = YES;
				CLANG_WARN_UNGUARDED_AVAILABILITY = YES_AGGRESSIVE;
				CLANG_WARN_UNREACHABLE_CODE = YES;
				CLANG_WARN__DUPLICATE_METHOD_MATCH = YES;
				COPY_PHASE_STRIP = NO;
				DEBUG_INFORMATION_FORMAT = "dwarf-with-dsym";
				ENABLE_NS_ASSERTIONS = NO;
				ENABLE_STRICT_OBJC_MSGSEND = YES;
				GCC_C_LANGUAGE_STANDARD = gnu11;
				GCC_NO_COMMON_BLOCKS = YES;
				GCC_WARN_64_TO_32_BIT_CONVERSION = YES;
				GCC_WARN_ABOUT_RETURN_TYPE = YES_ERROR;
				GCC_WARN_UNDECLARED_SELECTOR = YES;
				GCC_WARN_UNINITIALIZED_AUTOS = YES_AGGRESSIVE;
				GCC_WARN_UNUSED_FUNCTION = YES;
				GCC_WARN_UNUSED_VARIABLE = YES;
				IPHONEOS_DEPLOYMENT_TARGET = 13.2;
				MTL_ENABLE_DEBUG_INFO = NO;
				MTL_FAST_MATH = YES;
				SDKROOT = iphoneos;
				SWIFT_COMPILATION_MODE = wholemodule;
				SWIFT_OPTIMIZATION_LEVEL = "-O";
				VALIDATE_PRODUCT = YES;
			};
			name = Release;
		};
		80AEB3CE23B9465C001C9CD9 /* Debug */ = {
			isa = XCBuildConfiguration;
			buildSettings = {
				ASSETCATALOG_COMPILER_APPICON_NAME = AppIcon;
				CODE_SIGN_STYLE = Automatic;
				DEVELOPMENT_TEAM = AL57FR73W7;
				INFOPLIST_FILE = "Todoey-iOS12/Info.plist";
				LD_RUNPATH_SEARCH_PATHS = (
					"$(inherited)",
					"@executable_path/Frameworks",
				);
				PRODUCT_BUNDLE_IDENTIFIER = "nuburi.Todoey-iOS12";
				PRODUCT_NAME = "$(TARGET_NAME)";
				SWIFT_VERSION = 5.0;
				TARGETED_DEVICE_FAMILY = "1,2";
			};
			name = Debug;
		};
		80AEB3CF23B9465C001C9CD9 /* Release */ = {
			isa = XCBuildConfiguration;
			buildSettings = {
				ASSETCATALOG_COMPILER_APPICON_NAME = AppIcon;
				CODE_SIGN_STYLE = Automatic;
				DEVELOPMENT_TEAM = AL57FR73W7;
				INFOPLIST_FILE = "Todoey-iOS12/Info.plist";
				LD_RUNPATH_SEARCH_PATHS = (
					"$(inherited)",
					"@executable_path/Frameworks",
				);
				PRODUCT_BUNDLE_IDENTIFIER = "nuburi.Todoey-iOS12";
				PRODUCT_NAME = "$(TARGET_NAME)";
				SWIFT_VERSION = 5.0;
				TARGETED_DEVICE_FAMILY = "1,2";
			};
			name = Release;
		};
/* End XCBuildConfiguration section */

/* Begin XCConfigurationList section */
		80AEB3B423B94652001C9CD9 /* Build configuration list for PBXProject "Todoey-iOS12" */ = {
			isa = XCConfigurationList;
			buildConfigurations = (
				80AEB3CB23B9465C001C9CD9 /* Debug */,
				80AEB3CC23B9465C001C9CD9 /* Release */,
			);
			defaultConfigurationIsVisible = 0;
			defaultConfigurationName = Release;
		};
		80AEB3CD23B9465C001C9CD9 /* Build configuration list for PBXNativeTarget "Todoey-iOS12" */ = {
			isa = XCConfigurationList;
			buildConfigurations = (
				80AEB3CE23B9465C001C9CD9 /* Debug */,
				80AEB3CF23B9465C001C9CD9 /* Release */,
			);
			defaultConfigurationIsVisible = 0;
			defaultConfigurationName = Release;
		};
/* End XCConfigurationList section */
	};
	rootObject = 80AEB3B123B94652001C9CD9 /* Project object */;
}
